
Microsoft Visual Studio Solution File, Format Version 12.00
# Visual Studio Version 16
VisualStudioVersion = 16.0.31613.86
MinimumVisualStudioVersion = 10.0.40219.1
Project("{9A19103F-16F7-4668-BE54-9A1E7A4F7556}") = "RocloWebApp", "RocloWebApp.csproj", "{071F73CA-9F53-4AD5-BC5A-1301F1BCD48A}"
EndProject
Global
	GlobalSection(SolutionConfigurationPlatforms) = preSolution
		Debug|Any CPU = Debug|Any CPU
		Release|Any CPU = Release|Any CPU
	EndGlobalSection
	GlobalSection(ProjectConfigurationPlatforms) = postSolution
		{071F73CA-9F53-4AD5-BC5A-1301F1BCD48A}.Debug|Any CPU.ActiveCfg = Debug|Any CPU
		{071F73CA-9F53-4AD5-BC5A-1301F1BCD48A}.Debug|Any CPU.Build.0 = Debug|Any CPU
		{071F73CA-9F53-4AD5-BC5A-1301F1BCD48A}.Release|Any CPU.ActiveCfg = Release|Any CPU
		{071F73CA-9F53-4AD5-BC5A-1301F1BCD48A}.Release|Any CPU.Build.0 = Release|Any CPU
	EndGlobalSection
	GlobalSection(SolutionProperties) = preSolution
		HideSolutionNode = FALSE
	EndGlobalSection
	GlobalSection(ExtensibilityGlobals) = postSolution
		SolutionGuid = {D2E67A70-538B-476B-BF49-704AF0A14570}
	EndGlobalSection
EndGlobal
